
Microsoft Visual Studio Solution File, Format Version 12.00
# Visual Studio Version 17
VisualStudioVersion = 17.8.34330.188
MinimumVisualStudioVersion = 10.0.40219.1
Project("{9A19103F-16F7-4668-BE54-9A1E7A4F7556}") = "FashionLib", "FashionLib\FashionLib.csproj", "{C003C8E2-A264-49D8-808C-7DB9FECB6CDB}"
EndProject
Project("{FAE04EC0-301F-11D3-BF4B-00C04F79EFBC}") = "FashionHairDesk", "FashionHairDesk\FashionHairDesk.csproj", "{1CB91822-A867-41A2-9355-9FAD8E5665F4}"
EndProject
Global
	GlobalSection(SolutionConfigurationPlatforms) = preSolution
		Debug|Any CPU = Debug|Any CPU
		Release|Any CPU = Release|Any CPU
	EndGlobalSection
	GlobalSection(ProjectConfigurationPlatforms) = postSolution
		{C003C8E2-A264-49D8-808C-7DB9FECB6CDB}.Debug|Any CPU.ActiveCfg = Debug|Any CPU
		{C003C8E2-A264-49D8-808C-7DB9FECB6CDB}.Debug|Any CPU.Build.0 = Debug|Any CPU
		{C003C8E2-A264-49D8-808C-7DB9FECB6CDB}.Release|Any CPU.ActiveCfg = Release|Any CPU
		{C003C8E2-A264-49D8-808C-7DB9FECB6CDB}.Release|Any CPU.Build.0 = Release|Any CPU
		{1CB91822-A867-41A2-9355-9FAD8E5665F4}.Debug|Any CPU.ActiveCfg = Debug|Any CPU
		{1CB91822-A867-41A2-9355-9FAD8E5665F4}.Debug|Any CPU.Build.0 = Debug|Any CPU
		{1CB91822-A867-41A2-9355-9FAD8E5665F4}.Release|Any CPU.ActiveCfg = Release|Any CPU
		{1CB91822-A867-41A2-9355-9FAD8E5665F4}.Release|Any CPU.Build.0 = Release|Any CPU
	EndGlobalSection
	GlobalSection(SolutionProperties) = preSolution
		HideSolutionNode = FALSE
	EndGlobalSection
	GlobalSection(ExtensibilityGlobals) = postSolution
		SolutionGuid = {ABECCEB2-9107-496E-BBC3-3A729068E221}
	EndGlobalSection
EndGlobal
